
Microsoft Visual Studio Solution File, Format Version 12.00
# Visual Studio Version 17
VisualStudioVersion = 17.6.33723.286
MinimumVisualStudioVersion = 10.0.40219.1
Project("{FAE04EC0-301F-11D3-BF4B-00C04F79EFBC}") = "AngularTodoWebAPI", "AngularTodoWebAPI\AngularTodoWebAPI.csproj", "{F8BE224E-BBB0-4AAF-8F33-F07E8F532C5F}"
EndProject
Global
	GlobalSection(SolutionConfigurationPlatforms) = preSolution
		Debug|Any CPU = Debug|Any CPU
		Release|Any CPU = Release|Any CPU
	EndGlobalSection
	GlobalSection(ProjectConfigurationPlatforms) = postSolution
		{F8BE224E-BBB0-4AAF-8F33-F07E8F532C5F}.Debug|Any CPU.ActiveCfg = Debug|Any CPU
		{F8BE224E-BBB0-4AAF-8F33-F07E8F532C5F}.Debug|Any CPU.Build.0 = Debug|Any CPU
		{F8BE224E-BBB0-4AAF-8F33-F07E8F532C5F}.Release|Any CPU.ActiveCfg = Release|Any CPU
		{F8BE224E-BBB0-4AAF-8F33-F07E8F532C5F}.Release|Any CPU.Build.0 = Release|Any CPU
	EndGlobalSection
	GlobalSection(SolutionProperties) = preSolution
		HideSolutionNode = FALSE
	EndGlobalSection
	GlobalSection(ExtensibilityGlobals) = postSolution
		SolutionGuid = {5550F2B3-AFE2-42CC-A487-D1C49176DFCB}
	EndGlobalSection
EndGlobal
